---
lockfileVersion: '9.0'

importers:

  .:
    configDependencies: {}
    packageManagerDependencies:
      '@pnpm/exe':
        specifier: ^11.7.0
        version: 11.7.0
      pnpm:
        specifier: ^11.7.0
        version: 11.7.0

packages:

  '@pnpm/exe@11.7.0':
    resolution: {integrity: sha512-3CujpSSp2PIDE0pwu7mWSdjhdDqaZa7OppVooECWWaNEoA/z66s9FZts1MhDO+2yq1XER4gBHh84DVbFN/r1rA==}
    hasBin: true

  '@pnpm/linux-arm64@11.7.0':
    resolution: {integrity: sha512-ANTX2SlMO+d2y/4bYQhHCwHPX7gSSADJ5+pMUIiDFzIsybnFFaJdZboaFfq9NOxCbETcnDxqZ95Rz3+NHx1JIw==}
    cpu: [arm64]
    os: [linux]

  '@pnpm/linux-x64@11.7.0':
    resolution: {integrity: sha512-fr75tqixXoS8cnA81HQIomjOGEPnsOsd3xCDL5pMNY5raOXbKurtgRV+RjATvjxlJxSLIVFKegABlxAiB7q72A==}
    cpu: [x64]
    os: [linux]

  '@pnpm/linuxstatic-arm64@11.7.0':
    resolution: {integrity: sha512-Q++pgzvXkGeqnVRl26/uqmpMGdttQus0rGyL3XIfYGLCi8ZfajYUaCKdZID2MH7+CNOuugWDdFDup3r7BR7Rfg==}
    cpu: [arm64]
    os: [linux]
    libc: [musl]

  '@pnpm/linuxstatic-x64@11.7.0':
    resolution: {integrity: sha512-z1+exW6ocU/rmOvJnmU3FUBJYaryCUqFoaXN6KZW5BqTj7BPJb7HJcAyXRlirNZMJlEiUY5rXbfStGPQJhGsVA==}
    cpu: [x64]
    os: [linux]
    libc: [musl]

  '@pnpm/macos-arm64@11.7.0':
    resolution: {integrity: sha512-gD34/k3JT5oab4BYaqrUor3e4VdwXvkfLNlEI+lvDtX1MHT+2Nauc9p9NsQnpn1zE8blQEflzbF8wAUQ6Dmvkw==}
    cpu: [arm64]
    os: [darwin]

  '@pnpm/win-arm64@11.7.0':
    resolution: {integrity: sha512-hRTcDmm2j7KoRwbqNo0rUAu9A1kVJN98Eob7H09U0uPJbEMax85JGOmERkT3Lf6HjVJuFNBvfaJ3OTI3HmlVGg==}
    cpu: [arm64]
    os: [win32]

  '@pnpm/win-x64@11.7.0':
    resolution: {integrity: sha512-r/1NuKY7Z+6ZXVIzVrUEMj6TTEBdR63geV4Rlm8HKEhgQTdxyIsJoqV3FJGqoyzbRaScObqAwRfMaK9dskPddQ==}
    cpu: [x64]
    os: [win32]

  '@reflink/reflink-darwin-arm64@0.1.19':
    resolution: {integrity: sha512-ruy44Lpepdk1FqDz38vExBY/PVUsjxZA+chd9wozjUH9JjuDT/HEaQYA6wYN9mf041l0yLVar6BCZuWABJvHSA==}
    engines: {node: '>= 10'}
    cpu: [arm64]
    os: [darwin]

  '@reflink/reflink-darwin-x64@0.1.19':
    resolution: {integrity: sha512-By85MSWrMZa+c26TcnAy8SDk0sTUkYlNnwknSchkhHpGXOtjNDUOxJE9oByBnGbeuIE1PiQsxDG3Ud+IVV9yuA==}
    engines: {node: '>= 10'}
    cpu: [x64]
    os: [darwin]

  '@reflink/reflink-linux-arm64-gnu@0.1.19':
    resolution: {integrity: sha512-7P+er8+rP9iNeN+bfmccM4hTAaLP6PQJPKWSA4iSk2bNvo6KU6RyPgYeHxXmzNKzPVRcypZQTpFgstHam6maVg==}
    engines: {node: '>= 10'}
    cpu: [arm64]
    os: [linux]
    libc: [glibc]

  '@reflink/reflink-linux-arm64-musl@0.1.19':
    resolution: {integrity: sha512-37iO/Dp6m5DDaC2sf3zPtx/hl9FV3Xze4xoYidrxxS9bgP3S8ALroxRK6xBG/1TtfXKTvolvp+IjrUU6ujIGmA==}
    engines: {node: '>= 10'}
    cpu: [arm64]
    os: [linux]
    libc: [musl]

  '@reflink/reflink-linux-x64-gnu@0.1.19':
    resolution: {integrity: sha512-jbI8jvuYCaA3MVUdu8vLoLAFqC+iNMpiSuLbxlAgg7x3K5bsS8nOpTRnkLF7vISJ+rVR8W+7ThXlXlUQ93ulkw==}
    engines: {node: '>= 10'}
    cpu: [x64]
    os: [linux]
    libc: [glibc]

  '@reflink/reflink-linux-x64-musl@0.1.19':
    resolution: {integrity: sha512-e9FBWDe+lv7QKAwtKOt6A2W/fyy/aEEfr0g6j/hWzvQcrzHCsz07BNQYlNOjTfeytrtLU7k449H1PI95jA4OjQ==}
    engines: {node: '>= 10'}
    cpu: [x64]
    os: [linux]
    libc: [musl]

  '@reflink/reflink-win32-arm64-msvc@0.1.19':
    resolution: {integrity: sha512-09PxnVIQcd+UOn4WAW73WU6PXL7DwGS6wPlkMhMg2zlHHG65F3vHepOw06HFCq+N42qkaNAc8AKIabWvtk6cIQ==}
    engines: {node: '>= 10'}
    cpu: [arm64]
    os: [win32]

  '@reflink/reflink-win32-x64-msvc@0.1.19':
    resolution: {integrity: sha512-E//yT4ni2SyhwP8JRjVGWr3cbnhWDiPLgnQ66qqaanjjnMiu3O/2tjCPQXlcGc/DEYofpDc9fvhv6tALQsMV9w==}
    engines: {node: '>= 10'}
    cpu: [x64]
    os: [win32]

  '@reflink/reflink@0.1.19':
    resolution: {integrity: sha512-DmCG8GzysnCZ15bres3N5AHCmwBwYgp0As6xjhQ47rAUTUXxJiK+lLUxaGsX3hd/30qUpVElh05PbGuxRPgJwA==}
    engines: {node: '>= 10'}

  detect-libc@2.1.2:
    resolution: {integrity: sha512-Btj2BOOO83o3WyH59e8MgXsxEQVcarkUOpEYrubB0urwnN10yQ364rsiByU11nZlqWYZm05i/of7io4mzihBtQ==}
    engines: {node: '>=8'}

  pnpm@11.7.0:
    resolution: {integrity: sha512-GcyFLBIMcSV2DyRD7mvgyltA+fUFmN4aCaHxd1A+AQ5Xwjx3ZG4B52HeWb+HT7IqM5jDOrlpH8E+uUa28PTWIA==}
    engines: {node: '>=22.13'}
    hasBin: true

snapshots:

  '@pnpm/exe@11.7.0':
    dependencies:
      '@reflink/reflink': 0.1.19
      detect-libc: 2.1.2
    optionalDependencies:
      '@pnpm/linux-arm64': 11.7.0
      '@pnpm/linux-x64': 11.7.0
      '@pnpm/linuxstatic-arm64': 11.7.0
      '@pnpm/linuxstatic-x64': 11.7.0
      '@pnpm/macos-arm64': 11.7.0
      '@pnpm/win-arm64': 11.7.0
      '@pnpm/win-x64': 11.7.0

  '@pnpm/linux-arm64@11.7.0':
    optional: true

  '@pnpm/linux-x64@11.7.0':
    optional: true

  '@pnpm/linuxstatic-arm64@11.7.0':
    optional: true

  '@pnpm/linuxstatic-x64@11.7.0':
    optional: true

  '@pnpm/macos-arm64@11.7.0':
    optional: true

  '@pnpm/win-arm64@11.7.0':
    optional: true

  '@pnpm/win-x64@11.7.0':
    optional: true

  '@reflink/reflink-darwin-arm64@0.1.19':
    optional: true

  '@reflink/reflink-darwin-x64@0.1.19':
    optional: true

  '@reflink/reflink-linux-arm64-gnu@0.1.19':
    optional: true

  '@reflink/reflink-linux-arm64-musl@0.1.19':
    optional: true

  '@reflink/reflink-linux-x64-gnu@0.1.19':
    optional: true

  '@reflink/reflink-linux-x64-musl@0.1.19':
    optional: true

  '@reflink/reflink-win32-arm64-msvc@0.1.19':
    optional: true

  '@reflink/reflink-win32-x64-msvc@0.1.19':
    optional: true

  '@reflink/reflink@0.1.19':
    optionalDependencies:
      '@reflink/reflink-darwin-arm64': 0.1.19
      '@reflink/reflink-darwin-x64': 0.1.19
      '@reflink/reflink-linux-arm64-gnu': 0.1.19
      '@reflink/reflink-linux-arm64-musl': 0.1.19
      '@reflink/reflink-linux-x64-gnu': 0.1.19
      '@reflink/reflink-linux-x64-musl': 0.1.19
      '@reflink/reflink-win32-arm64-msvc': 0.1.19
      '@reflink/reflink-win32-x64-msvc': 0.1.19

  detect-libc@2.1.2: {}

  pnpm@11.7.0: {}

---
lockfileVersion: '9.0'

settings:
  autoInstallPeers: true
  excludeLinksFromLockfile: false

importers:

  .:
    devDependencies:
      '@playwright/test':
        specifier: ^1.61.0
        version: 1.61.0
      '@types/node':
        specifier: ^25.9.3
        version: 25.9.3
      allure-playwright:
        specifier: ^3.2.1
        version: 3.10.0(@playwright/test@1.61.0)
      playwright-bdd:
        specifier: ^8.2.1
        version: 8.5.1(@playwright/test@1.61.0)

packages:

  '@colors/colors@1.5.0':
    resolution: {integrity: sha512-ooWCrlZP11i8GImSjTHYHLkvFDP48nS4+204nGb1RiX/WXYHmJA2III9/e2DWVabCESdW7hBAEzHRqUn9OUVvQ==}
    engines: {node: '>=0.1.90'}

  '@cucumber/cucumber-expressions@18.0.1':
    resolution: {integrity: sha512-NSid6bI+7UlgMywl5octojY5NXnxR9uq+JisjOrO52VbFsQM6gTWuQFE8syI10KnIBEdPzuEUSVEeZ0VFzRnZA==}

  '@cucumber/gherkin-utils@9.2.0':
    resolution: {integrity: sha512-3nmRbG1bUAZP3fAaUBNmqWO0z0OSkykZZotfLjyhc8KWwDSOrOmMJlBTd474lpA8EWh4JFLAX3iXgynBqBvKzw==}
    hasBin: true

  '@cucumber/gherkin@31.0.0':
    resolution: {integrity: sha512-wlZfdPif7JpBWJdqvHk1Mkr21L5vl4EfxVUOS4JinWGf3FLRV6IKUekBv5bb5VX79fkDcfDvESzcQ8WQc07Wgw==}

  '@cucumber/gherkin@32.2.0':
    resolution: {integrity: sha512-X8xuVhSIqlUjxSRifRJ7t0TycVWyX58fygJH3wDNmHINLg9sYEkvQT0SO2G5YlRZnYc11TIFr4YPenscvdlBIw==}

  '@cucumber/html-formatter@21.15.1':
    resolution: {integrity: sha512-tjxEpP161sQ7xc3VREc94v1ymwIckR3ySViy7lTvfi1jUpyqy2Hd/p4oE3YT1kQ9fFDvUflPwu5ugK5mA7BQLA==}
    peerDependencies:
      '@cucumber/messages': '>=18'

  '@cucumber/junit-xml-formatter@0.7.1':
    resolution: {integrity: sha512-AzhX+xFE/3zfoYeqkT7DNq68wAQfBcx4Dk9qS/ocXM2v5tBv6eFQ+w8zaSfsktCjYzu4oYRH/jh4USD1CYHfaQ==}
    peerDependencies:
      '@cucumber/messages': '*'

  '@cucumber/messages@26.0.1':
    resolution: {integrity: sha512-DIxSg+ZGariumO+Lq6bn4kOUIUET83A4umrnWmidjGFl8XxkBieUZtsmNbLYgH/gnsmP07EfxxdTr0hOchV1Sg==}

  '@cucumber/messages@27.2.0':
    resolution: {integrity: sha512-f2o/HqKHgsqzFLdq6fAhfG1FNOQPdBdyMGpKwhb7hZqg0yZtx9BVqkTyuoNk83Fcvk3wjMVfouFXXHNEk4nddA==}

  '@cucumber/query@13.6.0':
    resolution: {integrity: sha512-tiDneuD5MoWsJ9VKPBmQok31mSX9Ybl+U4wqDoXeZgsXHDURqzM3rnpWVV3bC34y9W6vuFxrlwF/m7HdOxwqRw==}
    peerDependencies:
      '@cucumber/messages': '*'

  '@cucumber/tag-expressions@6.2.0':
    resolution: {integrity: sha512-KIF0eLcafHbWOuSDWFw0lMmgJOLdDRWjEL1kfXEWrqHmx2119HxVAr35WuEd9z542d3Yyg+XNqSr+81rIKqEdg==}

  '@nodelib/fs.scandir@2.1.5':
    resolution: {integrity: sha512-vq24Bq3ym5HEQm2NKCr3yXDwjc7vTsEThRDnkp2DK9p1uqLR+DHurm/NOTo0KG7HYHU7eppKZj3MyqYuMBf62g==}
    engines: {node: '>= 8'}

  '@nodelib/fs.stat@2.0.5':
    resolution: {integrity: sha512-RkhPPp2zrqDAQA/2jNhnztcPAlv64XdhIp7a7454A5ovI7Bukxgt7MX7udwAu3zg1DcpPU0rz3VV1SeaqvY4+A==}
    engines: {node: '>= 8'}

  '@nodelib/fs.walk@1.2.8':
    resolution: {integrity: sha512-oGB+UxlgWcgQkgwo8GcEGwemoTFt3FIO9ababBmaGwXIoBKZ+GTy0pP185beGg7Llih/NSHSV2XAs1lnznocSg==}
    engines: {node: '>= 8'}

  '@playwright/test@1.61.0':
    resolution: {integrity: sha512-cKA5B6lpFEMyMGjxF54QihfYpB4FkEGH+qZhtArDEG+wezQAJY8Pq6C7T1SjWz+FFzt3TbyoXBQYk/0292TdJA==}
    engines: {node: '>=18'}
    hasBin: true

  '@teppeis/multimaps@3.0.0':
    resolution: {integrity: sha512-ID7fosbc50TbT0MK0EG12O+gAP3W3Aa/Pz4DaTtQtEvlc9Odaqi0de+xuZ7Li2GtK4HzEX7IuRWS/JmZLksR3Q==}
    engines: {node: '>=14'}

  '@types/node@25.9.3':
    resolution: {integrity: sha512-603BddQMv3pUcr4U2dhujk83N2tTDVr/34wII2B6bJy6g+8WD6yUb11jszNs0gdi4PesVWl7ABt8nYMVpnLUcg==}

  '@types/uuid@10.0.0':
    resolution: {integrity: sha512-7gqG38EyHgyP1S+7+xomFtL+ZNHcKv6DwNaCZmJmo1vgMugyF3TCnXVg4t1uk89mLNwnLtnY3TpOpCOyp1/xHQ==}

  allure-js-commons@3.10.0:
    resolution: {integrity: sha512-Tf2nYiC7VDNgvM5t0Av9KfQ+cO7ScAzCG2Ikhy9BhzAZoXymjN0I1uyZfsf+iaMJhiuGv7Slf86dBQDHHS3nvw==}
    peerDependencies:
      allure-playwright: 3.10.0
    peerDependenciesMeta:
      allure-playwright:
        optional: true

  allure-playwright@3.10.0:
    resolution: {integrity: sha512-MFejAaHVuToRB/LGWlVC6Ai2y2vWZ+VqB786IINJY2c74wAwz18oaih/NVXQaDk+sDHkjKzcSuVM9cmaA/OBaw==}
    peerDependencies:
      '@playwright/test': '>=1.53.0'

  ansi-regex@5.0.1:
    resolution: {integrity: sha512-quJQXlTSUGL2LH9SUXo8VwsY4soanhgo6LNSm84E1LBcE8s3O0wpdiRzyR9z/ZZJMlMWv37qOOb9pdJlMUEKFQ==}
    engines: {node: '>=8'}

  braces@3.0.3:
    resolution: {integrity: sha512-yQbXgO/OSZVD2IsiLlro+7Hf6Q18EJrKSEsdoMzKePKXct3gvD8oLcOQdIzGupr5Fj+EDe8gO/lxc1BzfMpxvA==}
    engines: {node: '>=8'}

  buffer-from@1.1.2:
    resolution: {integrity: sha512-E+XQCRwSbaaiChtv6k6Dwgc+bx+Bs6vuKJHHl5kox/BaKbhiXzqQOwK4cO22yElGp2OCmjwVhT3HmxgyPGnJfQ==}

  charenc@0.0.2:
    resolution: {integrity: sha512-yrLQ/yVUFXkzg7EDQsPieE/53+0RlaWTs+wBrvW36cyilJ2SaDWfl4Yj7MtLTXleV9uEKefbAGUPv2/iWSooRA==}

  class-transformer@0.5.1:
    resolution: {integrity: sha512-SQa1Ws6hUbfC98vKGxZH3KFY0Y1lm5Zm0SY8XX9zbK7FJCyVEac3ATW0RIpwzW+oOfmHE5PMPufDG9hCfoEOMw==}

  cli-table3@0.6.5:
    resolution: {integrity: sha512-+W/5efTR7y5HRD7gACw9yQjqMVvEMLBHmboM/kPWam+H+Hmyrgjh6YncVKK122YZkXrLudzTuAukUw9FnMf7IQ==}
    engines: {node: 10.* || >= 12.*}

  commander@13.1.0:
    resolution: {integrity: sha512-/rFeCpNJQbhSZjGVwO9RFV3xPqbnERS8MmIQzCtD/zl6gpJuV/bMLuN92oG3F7d8oDEHHRrujSXNUr8fpjntKw==}
    engines: {node: '>=18'}

  crypt@0.0.2:
    resolution: {integrity: sha512-mCxBlsHFYh9C+HVpiEacem8FEBnMXgU9gy4zmNC+SXAZNB/1idgp/aulFJ4FgCi7GPEVbfyng092GqL2k2rmow==}

  emoji-regex@8.0.0:
    resolution: {integrity: sha512-MSjYzcWNOA0ewAHpz0MxpYFvwg6yjy1NG3xteoqz644VCo/RPgnr1/GGt+ic3iJTzQ8Eu3TdM14SawnVUmGE6A==}

  fast-glob@3.3.3:
    resolution: {integrity: sha512-7MptL8U0cqcFdzIzwOTHoilX9x5BrNqye7Z/LuC7kCMRio1EMSyqRK3BEAUD7sXRq4iT4AzTVuZdhgQ2TCvYLg==}
    engines: {node: '>=8.6.0'}

  fastq@1.20.1:
    resolution: {integrity: sha512-GGToxJ/w1x32s/D2EKND7kTil4n8OVk/9mycTc4VDza13lOvpUZTGX3mFSCtV9ksdGBVzvsyAVLM6mHFThxXxw==}

  fill-range@7.1.1:
    resolution: {integrity: sha512-YsGpe3WHLK8ZYi4tWDg2Jy3ebRz2rXowDxnld4bkQB00cc/1Zw9AWnC0i9ztDJitivtQvaI9KaLyKrc+hBW0yg==}
    engines: {node: '>=8'}

  fsevents@2.3.2:
    resolution: {integrity: sha512-xiqMQR4xAeHTuB9uWm+fFRcIOgKBMiOBP+eXiyT7jsgVCq1bkVygt00oASowB7EdtpOHaaPgKt812P9ab+DDKA==}
    engines: {node: ^8.16.0 || ^10.6.0 || >=11.0.0}
    os: [darwin]

  glob-parent@5.1.2:
    resolution: {integrity: sha512-AOIgSQCepiJYwP3ARnGx+5VnTu2HBYdzbGP45eLw1vr3zB3vZLeyed1sC9hnbcOc9/SrMyM5RPQrkGz4aS9Zow==}
    engines: {node: '>= 6'}

  is-buffer@1.1.6:
    resolution: {integrity: sha512-NcdALwpXkTm5Zvvbk7owOUSvVvBKDgKP5/ewfXEznmQFfs4ZRmanOeKBTjRVjka3QFoN6XJ+9F3USqfHqTaU5w==}

  is-extglob@2.1.1:
    resolution: {integrity: sha512-SbKbANkN603Vi4jEZv49LeVJMn4yGwsbzZworEoyEiutsN3nJYdbO36zfhGJ6QEDpOZIFkDtnq5JRxmvl3jsoQ==}
    engines: {node: '>=0.10.0'}

  is-fullwidth-code-point@3.0.0:
    resolution: {integrity: sha512-zymm5+u+sCsSWyD9qNaejV3DFvhCKclKdizYaJUuHA83RLjb7nSuGnddCHGv0hk+KY7BMAlsWeK4Ueg6EV6XQg==}
    engines: {node: '>=8'}

  is-glob@4.0.3:
    resolution: {integrity: sha512-xelSayHH36ZgE7ZWhli7pW34hNbNl8Ojv5KVmkJD4hBdD3th8Tfk9vYasLM+mXWOZhFkgZfxhLSnrwRr4elSSg==}
    engines: {node: '>=0.10.0'}

  is-number@7.0.0:
    resolution: {integrity: sha512-41Cifkg6e8TylSpdtTpeLVMqvSBEVzTttHvERD741+pnZ8ANv0004MRL43QKPDlK9cGvNp6NZWZUBlbGXYxxng==}
    engines: {node: '>=0.12.0'}

  lodash.sortby@4.7.0:
    resolution: {integrity: sha512-HDWXG8isMntAyRF5vZ7xKuEvOhT4AhlRt/3czTSjvGUxjYCBVRQY48ViDHyfYz9VIoBkW4TMGQNapx+l3RUwdA==}

  luxon@3.7.2:
    resolution: {integrity: sha512-vtEhXh/gNjI9Yg1u4jX/0YVPMvxzHuGgCm6tC5kZyb08yjGWGnqAjGJvcXbqQR2P3MyMEFnRbpcdFS6PBcLqew==}
    engines: {node: '>=12'}

  md5@2.3.0:
    resolution: {integrity: sha512-T1GITYmFaKuO91vxyoQMFETst+O71VUPEU3ze5GNzDm0OWdP8v1ziTaAEPUr/3kLsY3Sftgz242A1SetQiDL7g==}

  merge2@1.4.1:
    resolution: {integrity: sha512-8q7VEgMJW4J8tcfVPy8g09NcQwZdbwFEqhe/WZkoIzjn/3TGDwtOCYtXGxA3O8tPzpczCCDgv+P2P5y00ZJOOg==}
    engines: {node: '>= 8'}

  micromatch@4.0.8:
    resolution: {integrity: sha512-PXwfBhYu0hBCPw8Dn0E+WDYb7af3dSLVWKi3HGv84IdF4TyFoC0ysxFd0Goxw7nSv4T/PzEJQxsYsEiFCKo2BA==}
    engines: {node: '>=8.6'}

  mime-db@1.54.0:
    resolution: {integrity: sha512-aU5EJuIN2WDemCcAp2vFBfp/m4EAhWJnUNSSw0ixs7/kXbd6Pg64EmwJkNdFhB8aWt1sH2CTXrLxo/iAGV3oPQ==}
    engines: {node: '>= 0.6'}

  mime-types@3.0.2:
    resolution: {integrity: sha512-Lbgzdk0h4juoQ9fCKXW4by0UJqj+nOOrI9MJ1sSj4nI8aI2eo1qmvQEie4VD1glsS250n15LsWsYtCugiStS5A==}
    engines: {node: '>=18'}

  picomatch@2.3.2:
    resolution: {integrity: sha512-V7+vQEJ06Z+c5tSye8S+nHUfI51xoXIXjHQ99cQtKUkQqqO1kO/KCJUfZXuB47h/YBlDhah2H3hdUGXn8ie0oA==}
    engines: {node: '>=8.6'}

  playwright-bdd@8.5.1:
    resolution: {integrity: sha512-lDNaDzW8RvbvsKuR8cZaP9LBnRbG9juCOE3tgwm3pr1O0W1ooGPz7X8xH7zdUbqGgHbdOQ+5XpUTlOJrvpY6Tw==}
    engines: {node: '>=18'}
    hasBin: true
    peerDependencies:
      '@playwright/test': '>=1.44'

  playwright-core@1.61.0:
    resolution: {integrity: sha512-caX7TrY3Ml6egyDX0WUcTHDxodl/b51y5wJOdCEA36QviK/s2g081hvmGs8eaE3DWb6NYZQ6BjO/QkNRPenoPA==}
    engines: {node: '>=18'}
    hasBin: true

  playwright@1.61.0:
    resolution: {integrity: sha512-Z+7BeeqQPRRzklHsVFP4KTGIyMxKUmfeRA4WisM6G3/XW6nwGeX6fX9qYaDa+CiUqpOkb2f6X3nar05R3kSuJQ==}
    engines: {node: '>=18'}
    hasBin: true

  queue-microtask@1.2.3:
    resolution: {integrity: sha512-NuaNSa6flKT5JaSYQzJok04JzTL1CA6aGhv5rfLW3PgqA+M2ChpZQnAC8h8i4ZFkBS8X5RqkDBHA7r4hej3K9A==}

  reflect-metadata@0.2.2:
    resolution: {integrity: sha512-urBwgfrvVP/eAyXx4hluJivBKzuEbSQs9rKWCrCkbSxNv8mxPcUZKeuoF3Uy4mJl3Lwprp6yy5/39VWigZ4K6Q==}

  regexp-match-indices@1.0.2:
    resolution: {integrity: sha512-DwZuAkt8NF5mKwGGER1EGh2PRqyvhRhhLviH+R8y8dIuaQROlUfXjt4s9ZTXstIsSkptf06BSvwcEmmfheJJWQ==}

  regexp-tree@0.1.27:
    resolution: {integrity: sha512-iETxpjK6YoRWJG5o6hXLwvjYAoW+FEZn9os0PD/b6AP6xQwsa/Y7lCVgIixBbUPMfhu+i2LtdeAqVTgGlQarfA==}
    hasBin: true

  reusify@1.1.0:
    resolution: {integrity: sha512-g6QUff04oZpHs0eG5p83rFLhHeV00ug/Yf9nZM6fLeUrPguBTkTQOdpAWWspMh55TZfVQDPaN3NQJfbVRAxdIw==}
    engines: {iojs: '>=1.0.0', node: '>=0.10.0'}

  run-parallel@1.2.0:
    resolution: {integrity: sha512-5l4VyZR86LZ/lDxZTR6jqL8AFE2S0IFLMP26AbjsLVADxHdhB/c0GUsH+y39UfCi3dzz8OlQuPmnaJOMoDHQBA==}

  source-map-support@0.5.21:
    resolution: {integrity: sha512-uBHU3L3czsIyYXKX88fdrGovxdSCoTGDRZ6SYXtSRxLZUzHg5P/66Ht6uoUlHu9EZod+inXhKo3qQgwXUT/y1w==}

  source-map@0.6.1:
    resolution: {integrity: sha512-UjgapumWlbMhkBgzT7Ykc5YXUT46F0iKu8SGXq0bcwP5dz/h0Plj6enJqjz1Zbq2l5WaqYnrVbwWOWMyF3F47g==}
    engines: {node: '>=0.10.0'}

  string-width@4.2.3:
    resolution: {integrity: sha512-wKyQRQpjJ0sIp62ErSZdGsjMJWsap5oRNihHhu6G7JVO/9jIB6UyevL+tXuOqrng8j/cxKTWyWUwvSTriiZz/g==}
    engines: {node: '>=8'}

  strip-ansi@6.0.1:
    resolution: {integrity: sha512-Y38VPSHcqkFrCpFnQ9vuSXmquuv5oXOKpGeT6aGrr3o3Gc9AlVa6JBfUSOCnbxGGZF+/0ooI7KrPuUSztUdU5A==}
    engines: {node: '>=8'}

  to-regex-range@5.0.1:
    resolution: {integrity: sha512-65P7iz6X5yEr1cwcgvQxbbIw7Uk3gOy5dIdtZ4rDveLqhrdJP+Li/Hx6tyK0NEb+2GCyneCMJiGqrADCSNk8sQ==}
    engines: {node: '>=8.0'}

  undici-types@7.24.6:
    resolution: {integrity: sha512-WRNW+sJgj5OBN4/0JpHFqtqzhpbnV0GuB+OozA9gCL7a993SmU+1JBZCzLNxYsbMfIeDL+lTsphD5jN5N+n0zg==}

  uuid@10.0.0:
    resolution: {integrity: sha512-8XkAphELsDnEGrDxUOHB3RGvXz6TeuYSGEZBOjtTtPm2lwhGBjLgOzLHB63IUWfBpNucQjND6d3AOudO+H3RWQ==}
    deprecated: uuid@10 and below is no longer supported.  For ESM codebases, update to uuid@latest.  For CommonJS codebases, use uuid@11 (but be aware this version will likely be deprecated in 2028).
    hasBin: true

  uuid@11.0.5:
    resolution: {integrity: sha512-508e6IcKLrhxKdBbcA2b4KQZlLVp2+J5UwQ6F7Drckkc5N9ZJwFa4TgWtsww9UG8fGHbm6gbV19TdM5pQ4GaIA==}
    hasBin: true

  xmlbuilder@15.1.1:
    resolution: {integrity: sha512-yMqGBqtXyeN1e3TGYvgNgDVZ3j84W4cwkOXQswghol6APgZWaff9lnbvN7MHYJOiXsvGPXtjTYJEiC9J2wv9Eg==}
    engines: {node: '>=8.0'}

snapshots:

  '@colors/colors@1.5.0':
    optional: true

  '@cucumber/cucumber-expressions@18.0.1':
    dependencies:
      regexp-match-indices: 1.0.2

  '@cucumber/gherkin-utils@9.2.0':
    dependencies:
      '@cucumber/gherkin': 31.0.0
      '@cucumber/messages': 27.2.0
      '@teppeis/multimaps': 3.0.0
      commander: 13.1.0
      source-map-support: 0.5.21

  '@cucumber/gherkin@31.0.0':
    dependencies:
      '@cucumber/messages': 26.0.1

  '@cucumber/gherkin@32.2.0':
    dependencies:
      '@cucumber/messages': 27.2.0

  '@cucumber/html-formatter@21.15.1(@cucumber/messages@27.2.0)':
    dependencies:
      '@cucumber/messages': 27.2.0

  '@cucumber/junit-xml-formatter@0.7.1(@cucumber/messages@27.2.0)':
    dependencies:
      '@cucumber/messages': 27.2.0
      '@cucumber/query': 13.6.0(@cucumber/messages@27.2.0)
      '@teppeis/multimaps': 3.0.0
      luxon: 3.7.2
      xmlbuilder: 15.1.1

  '@cucumber/messages@26.0.1':
    dependencies:
      '@types/uuid': 10.0.0
      class-transformer: 0.5.1
      reflect-metadata: 0.2.2
      uuid: 10.0.0

  '@cucumber/messages@27.2.0':
    dependencies:
      '@types/uuid': 10.0.0
      class-transformer: 0.5.1
      reflect-metadata: 0.2.2
      uuid: 11.0.5

  '@cucumber/query@13.6.0(@cucumber/messages@27.2.0)':
    dependencies:
      '@cucumber/messages': 27.2.0
      '@teppeis/multimaps': 3.0.0
      lodash.sortby: 4.7.0

  '@cucumber/tag-expressions@6.2.0': {}

  '@nodelib/fs.scandir@2.1.5':
    dependencies:
      '@nodelib/fs.stat': 2.0.5
      run-parallel: 1.2.0

  '@nodelib/fs.stat@2.0.5': {}

  '@nodelib/fs.walk@1.2.8':
    dependencies:
      '@nodelib/fs.scandir': 2.1.5
      fastq: 1.20.1

  '@playwright/test@1.61.0':
    dependencies:
      playwright: 1.61.0

  '@teppeis/multimaps@3.0.0': {}

  '@types/node@25.9.3':
    dependencies:
      undici-types: 7.24.6

  '@types/uuid@10.0.0': {}

  allure-js-commons@3.10.0(allure-playwright@3.10.0(@playwright/test@1.61.0)):
    dependencies:
      md5: 2.3.0
    optionalDependencies:
      allure-playwright: 3.10.0(@playwright/test@1.61.0)

  allure-playwright@3.10.0(@playwright/test@1.61.0):
    dependencies:
      '@playwright/test': 1.61.0
      allure-js-commons: 3.10.0(allure-playwright@3.10.0(@playwright/test@1.61.0))

  ansi-regex@5.0.1: {}

  braces@3.0.3:
    dependencies:
      fill-range: 7.1.1

  buffer-from@1.1.2: {}

  charenc@0.0.2: {}

  class-transformer@0.5.1: {}

  cli-table3@0.6.5:
    dependencies:
      string-width: 4.2.3
    optionalDependencies:
      '@colors/colors': 1.5.0

  commander@13.1.0: {}

  crypt@0.0.2: {}

  emoji-regex@8.0.0: {}

  fast-glob@3.3.3:
    dependencies:
      '@nodelib/fs.stat': 2.0.5
      '@nodelib/fs.walk': 1.2.8
      glob-parent: 5.1.2
      merge2: 1.4.1
      micromatch: 4.0.8

  fastq@1.20.1:
    dependencies:
      reusify: 1.1.0

  fill-range@7.1.1:
    dependencies:
      to-regex-range: 5.0.1

  fsevents@2.3.2:
    optional: true

  glob-parent@5.1.2:
    dependencies:
      is-glob: 4.0.3

  is-buffer@1.1.6: {}

  is-extglob@2.1.1: {}

  is-fullwidth-code-point@3.0.0: {}

  is-glob@4.0.3:
    dependencies:
      is-extglob: 2.1.1

  is-number@7.0.0: {}

  lodash.sortby@4.7.0: {}

  luxon@3.7.2: {}

  md5@2.3.0:
    dependencies:
      charenc: 0.0.2
      crypt: 0.0.2
      is-buffer: 1.1.6

  merge2@1.4.1: {}

  micromatch@4.0.8:
    dependencies:
      braces: 3.0.3
      picomatch: 2.3.2

  mime-db@1.54.0: {}

  mime-types@3.0.2:
    dependencies:
      mime-db: 1.54.0

  picomatch@2.3.2: {}

  playwright-bdd@8.5.1(@playwright/test@1.61.0):
    dependencies:
      '@cucumber/cucumber-expressions': 18.0.1
      '@cucumber/gherkin': 32.2.0
      '@cucumber/gherkin-utils': 9.2.0
      '@cucumber/html-formatter': 21.15.1(@cucumber/messages@27.2.0)
      '@cucumber/junit-xml-formatter': 0.7.1(@cucumber/messages@27.2.0)
      '@cucumber/messages': 27.2.0
      '@cucumber/tag-expressions': 6.2.0
      '@playwright/test': 1.61.0
      cli-table3: 0.6.5
      commander: 13.1.0
      fast-glob: 3.3.3
      mime-types: 3.0.2
      xmlbuilder: 15.1.1

  playwright-core@1.61.0: {}

  playwright@1.61.0:
    dependencies:
      playwright-core: 1.61.0
    optionalDependencies:
      fsevents: 2.3.2

  queue-microtask@1.2.3: {}

  reflect-metadata@0.2.2: {}

  regexp-match-indices@1.0.2:
    dependencies:
      regexp-tree: 0.1.27

  regexp-tree@0.1.27: {}

  reusify@1.1.0: {}

  run-parallel@1.2.0:
    dependencies:
      queue-microtask: 1.2.3

  source-map-support@0.5.21:
    dependencies:
      buffer-from: 1.1.2
      source-map: 0.6.1

  source-map@0.6.1: {}

  string-width@4.2.3:
    dependencies:
      emoji-regex: 8.0.0
      is-fullwidth-code-point: 3.0.0
      strip-ansi: 6.0.1

  strip-ansi@6.0.1:
    dependencies:
      ansi-regex: 5.0.1

  to-regex-range@5.0.1:
    dependencies:
      is-number: 7.0.0

  undici-types@7.24.6: {}

  uuid@10.0.0: {}

  uuid@11.0.5: {}

  xmlbuilder@15.1.1: {}
